
Microsoft Visual Studio Solution File, Format Version 12.00
# Visual Studio Version 17
VisualStudioVersion = 17.8.34309.116
MinimumVisualStudioVersion = 10.0.40219.1
Project("{FAE04EC0-301F-11D3-BF4B-00C04F79EFBC}") = "CI_Sudoku2", "CI_Sudoku2\CI_Sudoku2.csproj", "{354EA5EE-4529-492A-8913-265EA7413CC9}"
EndProject
Global
	GlobalSection(SolutionConfigurationPlatforms) = preSolution
		Debug|Any CPU = Debug|Any CPU
		Release|Any CPU = Release|Any CPU
	EndGlobalSection
	GlobalSection(ProjectConfigurationPlatforms) = postSolution
		{354EA5EE-4529-492A-8913-265EA7413CC9}.Debug|Any CPU.ActiveCfg = Debug|Any CPU
		{354EA5EE-4529-492A-8913-265EA7413CC9}.Debug|Any CPU.Build.0 = Debug|Any CPU
		{354EA5EE-4529-492A-8913-265EA7413CC9}.Release|Any CPU.ActiveCfg = Release|Any CPU
		{354EA5EE-4529-492A-8913-265EA7413CC9}.Release|Any CPU.Build.0 = Release|Any CPU
	EndGlobalSection
	GlobalSection(SolutionProperties) = preSolution
		HideSolutionNode = FALSE
	EndGlobalSection
	GlobalSection(ExtensibilityGlobals) = postSolution
		SolutionGuid = {55BE159E-BF86-4CD0-8389-4708C206D54B}
	EndGlobalSection
EndGlobal
