
Microsoft Visual Studio Solution File, Format Version 12.00
# Visual Studio Version 17
VisualStudioVersion = 17.0.31903.59
MinimumVisualStudioVersion = 10.0.40219.1
Project("{FAE04EC0-301F-11D3-BF4B-00C04F79EFBC}") = "New_Reversi", "New_Reversi\New_Reversi.csproj", "{52DDE28C-2C3D-452A-B230-2A1B9AB22E86}"
EndProject
Global
	GlobalSection(SolutionConfigurationPlatforms) = preSolution
		Debug|Any CPU = Debug|Any CPU
		Release|Any CPU = Release|Any CPU
	EndGlobalSection
	GlobalSection(ProjectConfigurationPlatforms) = postSolution
		{52DDE28C-2C3D-452A-B230-2A1B9AB22E86}.Debug|Any CPU.ActiveCfg = Debug|Any CPU
		{52DDE28C-2C3D-452A-B230-2A1B9AB22E86}.Debug|Any CPU.Build.0 = Debug|Any CPU
		{52DDE28C-2C3D-452A-B230-2A1B9AB22E86}.Release|Any CPU.ActiveCfg = Release|Any CPU
		{52DDE28C-2C3D-452A-B230-2A1B9AB22E86}.Release|Any CPU.Build.0 = Release|Any CPU
	EndGlobalSection
	GlobalSection(SolutionProperties) = preSolution
		HideSolutionNode = FALSE
	EndGlobalSection
	GlobalSection(ExtensibilityGlobals) = postSolution
		SolutionGuid = {29706C9A-544B-4FE3-A367-5385B873A2B0}
	EndGlobalSection
EndGlobal
